
Microsoft Visual Studio Solution File, Format Version 12.00
Project("{FAE04EC0-301F-11D3-BF4B-00C04F79EFBC}") = "UI", "UI\UI.csproj", "{4C85CA0A-9FD0-4E97-8E54-2F382108BE16}"
EndProject
Project("{FAE04EC0-301F-11D3-BF4B-00C04F79EFBC}") = "FinancialAccounting", "FinancialAccounting\FinancialAccounting.csproj", "{3F58568A-D21C-41F6-985E-32B3C86FB1A8}"
EndProject
Project("{FAE04EC0-301F-11D3-BF4B-00C04F79EFBC}") = "Tests", "Tests\Tests.csproj", "{9656D76F-F465-479A-B418-60F85B230171}"
EndProject
Global
	GlobalSection(SolutionConfigurationPlatforms) = preSolution
		Debug|Any CPU = Debug|Any CPU
		Release|Any CPU = Release|Any CPU
	EndGlobalSection
	GlobalSection(ProjectConfigurationPlatforms) = postSolution
		{4C85CA0A-9FD0-4E97-8E54-2F382108BE16}.Debug|Any CPU.ActiveCfg = Debug|Any CPU
		{4C85CA0A-9FD0-4E97-8E54-2F382108BE16}.Debug|Any CPU.Build.0 = Debug|Any CPU
		{4C85CA0A-9FD0-4E97-8E54-2F382108BE16}.Release|Any CPU.ActiveCfg = Release|Any CPU
		{4C85CA0A-9FD0-4E97-8E54-2F382108BE16}.Release|Any CPU.Build.0 = Release|Any CPU
		{3F58568A-D21C-41F6-985E-32B3C86FB1A8}.Debug|Any CPU.ActiveCfg = Debug|Any CPU
		{3F58568A-D21C-41F6-985E-32B3C86FB1A8}.Debug|Any CPU.Build.0 = Debug|Any CPU
		{3F58568A-D21C-41F6-985E-32B3C86FB1A8}.Release|Any CPU.ActiveCfg = Release|Any CPU
		{3F58568A-D21C-41F6-985E-32B3C86FB1A8}.Release|Any CPU.Build.0 = Release|Any CPU
		{9656D76F-F465-479A-B418-60F85B230171}.Debug|Any CPU.ActiveCfg = Debug|Any CPU
		{9656D76F-F465-479A-B418-60F85B230171}.Debug|Any CPU.Build.0 = Debug|Any CPU
		{9656D76F-F465-479A-B418-60F85B230171}.Release|Any CPU.ActiveCfg = Release|Any CPU
		{9656D76F-F465-479A-B418-60F85B230171}.Release|Any CPU.Build.0 = Release|Any CPU
	EndGlobalSection
EndGlobal
